Microsoft Visual Studio Solution File, Format Version 12.00
# Visual Studio 2012
Project("{FAE04EC0-301F-11D3-BF4B-00C04F79EFBC}") = "DemoWebExports", "DemoWebExports.csproj", "{F5DD42A5-4B3A-4633-9DA8-B913DAAD63DF}"
EndProject
Global
	GlobalSection(SolutionConfigurationPlatforms) = preSolution
	Debug|Any CPU = Debug|Any CPU
	ExportDebug|Any CPU = ExportDebug|Any CPU
	ExportRelease|Any CPU = ExportRelease|Any CPU
	EndGlobalSection
	GlobalSection(ProjectConfigurationPlatforms) = postSolution
		{F5DD42A5-4B3A-4633-9DA8-B913DAAD63DF}.Debug|Any CPU.ActiveCfg = Debug|Any CPU
		{F5DD42A5-4B3A-4633-9DA8-B913DAAD63DF}.Debug|Any CPU.Build.0 = Debug|Any CPU
		{F5DD42A5-4B3A-4633-9DA8-B913DAAD63DF}.ExportDebug|Any CPU.ActiveCfg = ExportDebug|Any CPU
		{F5DD42A5-4B3A-4633-9DA8-B913DAAD63DF}.ExportDebug|Any CPU.Build.0 = ExportDebug|Any CPU
		{F5DD42A5-4B3A-4633-9DA8-B913DAAD63DF}.ExportRelease|Any CPU.ActiveCfg = ExportRelease|Any CPU
		{F5DD42A5-4B3A-4633-9DA8-B913DAAD63DF}.ExportRelease|Any CPU.Build.0 = ExportRelease|Any CPU
	EndGlobalSection
EndGlobal
